
Microsoft Visual Studio Solution File, Format Version 12.00
# Visual Studio Version 16
VisualStudioVersion = 16.0.29411.108
MinimumVisualStudioVersion = 10.0.40219.1
Project("{9A19103F-16F7-4668-BE54-9A1E7A4F7556}") = "BibleVerse.DTO", "BibleVerse.DTO.csproj", "{B2305EBC-C7C7-4254-A07D-F7274A80D3C7}"
EndProject
Global
	GlobalSection(SolutionConfigurationPlatforms) = preSolution
		Debug|Any CPU = Debug|Any CPU
		Release|Any CPU = Release|Any CPU
	EndGlobalSection
	GlobalSection(ProjectConfigurationPlatforms) = postSolution
		{B2305EBC-C7C7-4254-A07D-F7274A80D3C7}.Debug|Any CPU.ActiveCfg = Debug|Any CPU
		{B2305EBC-C7C7-4254-A07D-F7274A80D3C7}.Debug|Any CPU.Build.0 = Debug|Any CPU
		{B2305EBC-C7C7-4254-A07D-F7274A80D3C7}.Release|Any CPU.ActiveCfg = Release|Any CPU
		{B2305EBC-C7C7-4254-A07D-F7274A80D3C7}.Release|Any CPU.Build.0 = Release|Any CPU
	EndGlobalSection
	GlobalSection(SolutionProperties) = preSolution
		HideSolutionNode = FALSE
	EndGlobalSection
	GlobalSection(ExtensibilityGlobals) = postSolution
		SolutionGuid = {36F0EE41-BA3A-4EAF-BF0F-7D26C824EEC5}
	EndGlobalSection
EndGlobal
